
Microsoft Visual Studio Solution File, Format Version 12.00
# Visual Studio Version 16
VisualStudioVersion = 16.0.28803.202
MinimumVisualStudioVersion = 10.0.40219.1
Project("{FAE04EC0-301F-11D3-BF4B-00C04F79EFBC}") = "SecretBox", "secretbox\SecretBox.csproj", "{B450D4A3-BF7E-40DF-95B8-985155C19CC0}"
EndProject
Project("{FAE04EC0-301F-11D3-BF4B-00C04F79EFBC}") = "Tests", "tests\Tests.csproj", "{AB1856E7-4748-4006-9581-725A4E5A21E8}"
EndProject
Global
	GlobalSection(SolutionConfigurationPlatforms) = preSolution
		Debug|Any CPU = Debug|Any CPU
		Release|Any CPU = Release|Any CPU
	EndGlobalSection
	GlobalSection(ProjectConfigurationPlatforms) = postSolution
		{B450D4A3-BF7E-40DF-95B8-985155C19CC0}.Debug|Any CPU.ActiveCfg = Debug|Any CPU
		{B450D4A3-BF7E-40DF-95B8-985155C19CC0}.Debug|Any CPU.Build.0 = Debug|Any CPU
		{B450D4A3-BF7E-40DF-95B8-985155C19CC0}.Release|Any CPU.ActiveCfg = Release|Any CPU
		{B450D4A3-BF7E-40DF-95B8-985155C19CC0}.Release|Any CPU.Build.0 = Release|Any CPU
		{AB1856E7-4748-4006-9581-725A4E5A21E8}.Debug|Any CPU.ActiveCfg = Debug|Any CPU
		{AB1856E7-4748-4006-9581-725A4E5A21E8}.Debug|Any CPU.Build.0 = Debug|Any CPU
		{AB1856E7-4748-4006-9581-725A4E5A21E8}.Release|Any CPU.ActiveCfg = Release|Any CPU
		{AB1856E7-4748-4006-9581-725A4E5A21E8}.Release|Any CPU.Build.0 = Release|Any CPU
	EndGlobalSection
	GlobalSection(SolutionProperties) = preSolution
		HideSolutionNode = FALSE
	EndGlobalSection
	GlobalSection(ExtensibilityGlobals) = postSolution
		SolutionGuid = {10862E11-373E-444E-B9F2-E039F627C312}
	EndGlobalSection
EndGlobal
